# Generated by buf. DO NOT EDIT.
version: v1
deps:
  - remote: buf.build
    owner: mfridman
    repository: common
    commit: ba92dff3fe5f479e94a303a0d284c49e
    digest: shake256:e51d6a3cb01039837a12afa0c9f585872dbd6729440ed8334eea9cf6ebc72ebddd8a754c5b3c183b8df213efe497818d3fbf5a6ca4f78fd3b30745eca3c1d23f
